
Microsoft Visual Studio Solution File, Format Version 12.00
# Visual Studio Version 17
VisualStudioVersion = 17.10.35013.160
MinimumVisualStudioVersion = 10.0.40219.1
Project("{FAE04EC0-301F-11D3-BF4B-00C04F79EFBC}") = "Factory", "Factory\Factory.csproj", "{9C96BCBA-9EB4-49A4-A59B-06C17326E831}"
EndProject
Project("{FAE04EC0-301F-11D3-BF4B-00C04F79EFBC}") = "Adapter", "Adapter\Adapter.csproj", "{B21D0B05-4E25-4339-B794-95339863B305}"
EndProject
Project("{FAE04EC0-301F-11D3-BF4B-00C04F79EFBC}") = "Facade", "Facade\Facade.csproj", "{EA4A7B49-4EE2-4E69-806E-6ADA94479438}"
EndProject
Project("{FAE04EC0-301F-11D3-BF4B-00C04F79EFBC}") = "Strategy", "Strategy\Strategy.csproj", "{35B6F97C-AC38-467F-B0F8-FBBEE9B0444E}"
EndProject
Project("{FAE04EC0-301F-11D3-BF4B-00C04F79EFBC}") = "Command", "Command\Command.csproj", "{B5F9874B-B053-4485-8E95-304E0D2B56ED}"
EndProject
Global
	GlobalSection(SolutionConfigurationPlatforms) = preSolution
		Debug|Any CPU = Debug|Any CPU
		Release|Any CPU = Release|Any CPU
	EndGlobalSection
	GlobalSection(ProjectConfigurationPlatforms) = postSolution
		{9C96BCBA-9EB4-49A4-A59B-06C17326E831}.Debug|Any CPU.ActiveCfg = Debug|Any CPU
		{9C96BCBA-9EB4-49A4-A59B-06C17326E831}.Debug|Any CPU.Build.0 = Debug|Any CPU
		{9C96BCBA-9EB4-49A4-A59B-06C17326E831}.Release|Any CPU.ActiveCfg = Release|Any CPU
		{9C96BCBA-9EB4-49A4-A59B-06C17326E831}.Release|Any CPU.Build.0 = Release|Any CPU
		{B21D0B05-4E25-4339-B794-95339863B305}.Debug|Any CPU.ActiveCfg = Debug|Any CPU
		{B21D0B05-4E25-4339-B794-95339863B305}.Debug|Any CPU.Build.0 = Debug|Any CPU
		{B21D0B05-4E25-4339-B794-95339863B305}.Release|Any CPU.ActiveCfg = Release|Any CPU
		{B21D0B05-4E25-4339-B794-95339863B305}.Release|Any CPU.Build.0 = Release|Any CPU
		{EA4A7B49-4EE2-4E69-806E-6ADA94479438}.Debug|Any CPU.ActiveCfg = Debug|Any CPU
		{EA4A7B49-4EE2-4E69-806E-6ADA94479438}.Debug|Any CPU.Build.0 = Debug|Any CPU
		{EA4A7B49-4EE2-4E69-806E-6ADA94479438}.Release|Any CPU.ActiveCfg = Release|Any CPU
		{EA4A7B49-4EE2-4E69-806E-6ADA94479438}.Release|Any CPU.Build.0 = Release|Any CPU
		{35B6F97C-AC38-467F-B0F8-FBBEE9B0444E}.Debug|Any CPU.ActiveCfg = Debug|Any CPU
		{35B6F97C-AC38-467F-B0F8-FBBEE9B0444E}.Debug|Any CPU.Build.0 = Debug|Any CPU
		{35B6F97C-AC38-467F-B0F8-FBBEE9B0444E}.Release|Any CPU.ActiveCfg = Release|Any CPU
		{35B6F97C-AC38-467F-B0F8-FBBEE9B0444E}.Release|Any CPU.Build.0 = Release|Any CPU
		{B5F9874B-B053-4485-8E95-304E0D2B56ED}.Debug|Any CPU.ActiveCfg = Debug|Any CPU
		{B5F9874B-B053-4485-8E95-304E0D2B56ED}.Debug|Any CPU.Build.0 = Debug|Any CPU
		{B5F9874B-B053-4485-8E95-304E0D2B56ED}.Release|Any CPU.ActiveCfg = Release|Any CPU
		{B5F9874B-B053-4485-8E95-304E0D2B56ED}.Release|Any CPU.Build.0 = Release|Any CPU
	EndGlobalSection
	GlobalSection(SolutionProperties) = preSolution
		HideSolutionNode = FALSE
	EndGlobalSection
	GlobalSection(ExtensibilityGlobals) = postSolution
		SolutionGuid = {E57FDEB2-2956-4C42-A8CB-B4BAC37AC127}
	EndGlobalSection
EndGlobal
